
Microsoft Visual Studio Solution File, Format Version 12.00
# Visual Studio Version 17
VisualStudioVersion = 17.8.34330.188
MinimumVisualStudioVersion = 10.0.40219.1
Project("{9A19103F-16F7-4668-BE54-9A1E7A4F7556}") = "AnalyzerApi", "AnalyzerApi\AnalyzerApi.csproj", "{07CDEC48-906B-47F8-A878-B10252B7C41B}"
EndProject
Project("{FAE04EC0-301F-11D3-BF4B-00C04F79EFBC}") = "AnalyzerUI", "AnalyzerUI\AnalyzerUI.csproj", "{C9717C81-6566-4D3B-BF24-82835353C3E8}"
EndProject
Global
	GlobalSection(SolutionConfigurationPlatforms) = preSolution
		Debug|Any CPU = Debug|Any CPU
		Release|Any CPU = Release|Any CPU
	EndGlobalSection
	GlobalSection(ProjectConfigurationPlatforms) = postSolution
		{07CDEC48-906B-47F8-A878-B10252B7C41B}.Debug|Any CPU.ActiveCfg = Debug|Any CPU
		{07CDEC48-906B-47F8-A878-B10252B7C41B}.Debug|Any CPU.Build.0 = Debug|Any CPU
		{07CDEC48-906B-47F8-A878-B10252B7C41B}.Release|Any CPU.ActiveCfg = Release|Any CPU
		{07CDEC48-906B-47F8-A878-B10252B7C41B}.Release|Any CPU.Build.0 = Release|Any CPU
		{C9717C81-6566-4D3B-BF24-82835353C3E8}.Debug|Any CPU.ActiveCfg = Debug|Any CPU
		{C9717C81-6566-4D3B-BF24-82835353C3E8}.Debug|Any CPU.Build.0 = Debug|Any CPU
		{C9717C81-6566-4D3B-BF24-82835353C3E8}.Release|Any CPU.ActiveCfg = Release|Any CPU
		{C9717C81-6566-4D3B-BF24-82835353C3E8}.Release|Any CPU.Build.0 = Release|Any CPU
	EndGlobalSection
	GlobalSection(SolutionProperties) = preSolution
		HideSolutionNode = FALSE
	EndGlobalSection
	GlobalSection(ExtensibilityGlobals) = postSolution
		SolutionGuid = {1BA6F48F-E40A-4498-863B-C8AA941ADE86}
	EndGlobalSection
EndGlobal
